
Microsoft Visual Studio Solution File, Format Version 12.00
# Visual Studio Version 17
VisualStudioVersion = 17.8.34601.278
MinimumVisualStudioVersion = 10.0.40219.1
Project("{9A19103F-16F7-4668-BE54-9A1E7A4F7556}") = "MVCWebbApp", "MVCWebbApp\MVCWebbApp.csproj", "{1CAE8642-3BA6-4213-BC7C-D2F43D801690}"
EndProject
Project("{FAE04EC0-301F-11D3-BF4B-00C04F79EFBC}") = "Infrastructure", "Infrastructure\Infrastructure.csproj", "{730C9699-ACD6-471D-A23B-2DE2F334160F}"
EndProject
Global
	GlobalSection(SolutionConfigurationPlatforms) = preSolution
		Debug|Any CPU = Debug|Any CPU
		Release|Any CPU = Release|Any CPU
	EndGlobalSection
	GlobalSection(ProjectConfigurationPlatforms) = postSolution
		{1CAE8642-3BA6-4213-BC7C-D2F43D801690}.Debug|Any CPU.ActiveCfg = Debug|Any CPU
		{1CAE8642-3BA6-4213-BC7C-D2F43D801690}.Debug|Any CPU.Build.0 = Debug|Any CPU
		{1CAE8642-3BA6-4213-BC7C-D2F43D801690}.Release|Any CPU.ActiveCfg = Release|Any CPU
		{1CAE8642-3BA6-4213-BC7C-D2F43D801690}.Release|Any CPU.Build.0 = Release|Any CPU
		{730C9699-ACD6-471D-A23B-2DE2F334160F}.Debug|Any CPU.ActiveCfg = Debug|Any CPU
		{730C9699-ACD6-471D-A23B-2DE2F334160F}.Debug|Any CPU.Build.0 = Debug|Any CPU
		{730C9699-ACD6-471D-A23B-2DE2F334160F}.Release|Any CPU.ActiveCfg = Release|Any CPU
		{730C9699-ACD6-471D-A23B-2DE2F334160F}.Release|Any CPU.Build.0 = Release|Any CPU
	EndGlobalSection
	GlobalSection(SolutionProperties) = preSolution
		HideSolutionNode = FALSE
	EndGlobalSection
	GlobalSection(ExtensibilityGlobals) = postSolution
		SolutionGuid = {940B5222-12C3-4C6F-B8A9-109E2471B73E}
	EndGlobalSection
EndGlobal
